Microsoft Visual Studio Solution File, Format Version 12.00
# Visual Studio Version 17
VisualStudioVersion = 17.4.0.00000
MinimumVisualStudioVersion = 10.0.40219.1
Project("{9A19103F-16F7-4668-BE54-9A1E7A4F7556}") = "UrbanJunction.Data", "UrbanJunction.Data\UrbanJunction.Data.csproj", "{79D6EA77-575D-CDC7-EE05-A402F8F9960E}"
EndProject
Project("{9A19103F-16F7-4668-BE54-9A1E7A4F7556}") = "UrbanJunction.Web", "UrbanJunction.Web\UrbanJunction.Web.csproj", "{5EEC3F07-6DB6-0417-A6B7-BC94168EBB3F}"
EndProject
Global
	GlobalSection(SolutionConfigurationPlatforms) = preSolution
		Debug|Any CPU = Debug|Any CPU
		Release|Any CPU = Release|Any CPU
	EndGlobalSection
	GlobalSection(ProjectConfigurationPlatforms) = postSolution
		{79D6EA77-575D-CDC7-EE05-A402F8F9960E}.Debug|Any CPU.ActiveCfg = Debug|Any CPU
		{79D6EA77-575D-CDC7-EE05-A402F8F9960E}.Debug|Any CPU.Build.0 = Debug|Any CPU
		{79D6EA77-575D-CDC7-EE05-A402F8F9960E}.Release|Any CPU.ActiveCfg = Release|Any CPU
		{79D6EA77-575D-CDC7-EE05-A402F8F9960E}.Release|Any CPU.Build.0 = Release|Any CPU
		{5EEC3F07-6DB6-0417-A6B7-BC94168EBB3F}.Debug|Any CPU.ActiveCfg = Debug|Any CPU
		{5EEC3F07-6DB6-0417-A6B7-BC94168EBB3F}.Debug|Any CPU.Build.0 = Debug|Any CPU
		{5EEC3F07-6DB6-0417-A6B7-BC94168EBB3F}.Release|Any CPU.ActiveCfg = Release|Any CPU
		{5EEC3F07-6DB6-0417-A6B7-BC94168EBB3F}.Release|Any CPU.Build.0 = Release|Any CPU
	EndGlobalSection
	GlobalSection(SolutionProperties) = preSolution
		HideSolutionNode = FALSE
	EndGlobalSection
	GlobalSection(ExtensibilityGlobals) = postSolution
		SolutionGuid = {C3982228-E0C0-42FA-83FB-4DAF3E0FAFB8}
	EndGlobalSection
EndGlobal
